
Microsoft Visual Studio Solution File, Format Version 12.00
# Visual Studio 15
VisualStudioVersion = 15.0.28307.329
MinimumVisualStudioVersion = 10.0.40219.1
Project("{8BC9CEB8-8B4A-11D0-8D11-00A0C91BC942}") = "lab2_graph", "lab2_graph\lab2_graph.vcxproj", "{99055A55-7A48-409A-B81A-0E3A56C23A9A}"
EndProject
Global
	GlobalSection(SolutionConfigurationPlatforms) = preSolution
		Debug|x64 = Debug|x64
		Debug|x86 = Debug|x86
		Release|x64 = Release|x64
		Release|x86 = Release|x86
	EndGlobalSection
	GlobalSection(ProjectConfigurationPlatforms) = postSolution
		{99055A55-7A48-409A-B81A-0E3A56C23A9A}.Debug|x64.ActiveCfg = Debug|x64
		{99055A55-7A48-409A-B81A-0E3A56C23A9A}.Debug|x64.Build.0 = Debug|x64
		{99055A55-7A48-409A-B81A-0E3A56C23A9A}.Debug|x86.ActiveCfg = Debug|Win32
		{99055A55-7A48-409A-B81A-0E3A56C23A9A}.Debug|x86.Build.0 = Debug|Win32
		{99055A55-7A48-409A-B81A-0E3A56C23A9A}.Release|x64.ActiveCfg = Release|x64
		{99055A55-7A48-409A-B81A-0E3A56C23A9A}.Release|x64.Build.0 = Release|x64
		{99055A55-7A48-409A-B81A-0E3A56C23A9A}.Release|x86.ActiveCfg = Release|Win32
		{99055A55-7A48-409A-B81A-0E3A56C23A9A}.Release|x86.Build.0 = Release|Win32
	EndGlobalSection
	GlobalSection(SolutionProperties) = preSolution
		HideSolutionNode = FALSE
	EndGlobalSection
	GlobalSection(ExtensibilityGlobals) = postSolution
		SolutionGuid = {3EEB30D8-E946-4F5E-9A82-6CC14DD1ED09}
	EndGlobalSection
EndGlobal
